
Microsoft Visual Studio Solution File, Format Version 12.00
Project("{FAE04EC0-301F-11D3-BF4B-00C04F79EFBC}") = "RunPlusPlus", "RunPlusPlus\RunPlusPlus.csproj", "{BB3BC8E1-FA79-4092-AD3F-B8B30FFBFD82}"
EndProject
Global
	GlobalSection(SolutionConfigurationPlatforms) = preSolution
		Debug|Any CPU = Debug|Any CPU
		Release|Any CPU = Release|Any CPU
	EndGlobalSection
	GlobalSection(ProjectConfigurationPlatforms) = postSolution
		{BB3BC8E1-FA79-4092-AD3F-B8B30FFBFD82}.Debug|Any CPU.ActiveCfg = Debug|Any CPU
		{BB3BC8E1-FA79-4092-AD3F-B8B30FFBFD82}.Debug|Any CPU.Build.0 = Debug|Any CPU
		{BB3BC8E1-FA79-4092-AD3F-B8B30FFBFD82}.Release|Any CPU.ActiveCfg = Release|Any CPU
		{BB3BC8E1-FA79-4092-AD3F-B8B30FFBFD82}.Release|Any CPU.Build.0 = Release|Any CPU
	EndGlobalSection
EndGlobal
